
Microsoft Visual Studio Solution File, Format Version 12.00
# Visual Studio Version 17
VisualStudioVersion = 17.2.32630.192
MinimumVisualStudioVersion = 10.0.40219.1
Project("{FAE04EC0-301F-11D3-BF4B-00C04F79EFBC}") = "parcial1G1", "parcial1G1.csproj", "{AE56EDB6-4FDA-464D-8C45-835CF624F008}"
EndProject
Global
	GlobalSection(SolutionConfigurationPlatforms) = preSolution
		Debug|Any CPU = Debug|Any CPU
		Release|Any CPU = Release|Any CPU
	EndGlobalSection
	GlobalSection(ProjectConfigurationPlatforms) = postSolution
		{AE56EDB6-4FDA-464D-8C45-835CF624F008}.Debug|Any CPU.ActiveCfg = Debug|Any CPU
		{AE56EDB6-4FDA-464D-8C45-835CF624F008}.Debug|Any CPU.Build.0 = Debug|Any CPU
		{AE56EDB6-4FDA-464D-8C45-835CF624F008}.Release|Any CPU.ActiveCfg = Release|Any CPU
		{AE56EDB6-4FDA-464D-8C45-835CF624F008}.Release|Any CPU.Build.0 = Release|Any CPU
	EndGlobalSection
	GlobalSection(SolutionProperties) = preSolution
		HideSolutionNode = FALSE
	EndGlobalSection
	GlobalSection(ExtensibilityGlobals) = postSolution
		SolutionGuid = {A9E44C02-048F-4EC5-A930-86A441F86645}
	EndGlobalSection
EndGlobal
